
Microsoft Visual Studio Solution File, Format Version 12.00
Project("{FAE04EC0-301F-11D3-BF4B-00C04F79EFBC}") = "C_codes", "C_codes\C_codes.csproj", "{65D3EA7C-8161-4859-B61C-1C141F342EBB}"
EndProject
Project("{FAE04EC0-301F-11D3-BF4B-00C04F79EFBC}") = "CP1_DynamicArray", "CP1_DynamicArray\CP1_DynamicArray.csproj", "{0C4B5F5C-436A-4807-9E94-63CAC18CAE62}"
EndProject
Project("{FAE04EC0-301F-11D3-BF4B-00C04F79EFBC}") = "MelnikVictoria_CatFramework", "MelnikVictoria_CatFramework\MelnikVictoria_CatFramework.csproj", "{89756E76-C234-412C-A156-75A398674821}"
EndProject
Project("{2150E333-8FDC-42A3-9474-1A3956D46DE8}") = "Cats", "Cats", "{9F52CC49-3F17-4C6A-A4B2-D7B6A87BA467}"
EndProject
Project("{FAE04EC0-301F-11D3-BF4B-00C04F79EFBC}") = "MelnikVictoria_CatApplication", "MelnikVictoria_CatApplication\MelnikVictoria_CatApplication.csproj", "{99DF8693-BFDB-431B-836E-817E88CFBF11}"
EndProject
Project("{2150E333-8FDC-42A3-9474-1A3956D46DE8}") = "CP3", "CP3", "{920C04D0-3393-4532-86D1-99E68B36BA5A}"
EndProject
Project("{FAE04EC0-301F-11D3-BF4B-00C04F79EFBC}") = "BoxingUnboxing", "BoxingUnboxing\BoxingUnboxing.csproj", "{51A30F81-B078-4F5A-A399-28924C73E4C7}"
EndProject
Project("{FAE04EC0-301F-11D3-BF4B-00C04F79EFBC}") = "GeneralizedClass", "GeneralizedClass\GeneralizedClass.csproj", "{E290045B-FA64-444B-8CB5-CB740973D718}"
EndProject
Project("{FAE04EC0-301F-11D3-BF4B-00C04F79EFBC}") = "Default values", "Default values\Default values.csproj", "{3AD34DF7-8F47-4C46-8338-69B615CD60B8}"
EndProject
Project("{FAE04EC0-301F-11D3-BF4B-00C04F79EFBC}") = "GeneralizedMethod", "GeneralizedMethod\GeneralizedMethod.csproj", "{16062E89-EE23-40B1-8752-EC13303ACDC8}"
EndProject
Project("{FAE04EC0-301F-11D3-BF4B-00C04F79EFBC}") = "GeneralizedClassSeveral", "GeneralizedClassSeveral\GeneralizedClassSeveral.csproj", "{F26D841A-1146-443A-8D20-68BCDF402D2F}"
EndProject
Global
	GlobalSection(SolutionConfigurationPlatforms) = preSolution
		Debug|Any CPU = Debug|Any CPU
		Release|Any CPU = Release|Any CPU
	EndGlobalSection
	GlobalSection(ProjectConfigurationPlatforms) = postSolution
		{65D3EA7C-8161-4859-B61C-1C141F342EBB}.Debug|Any CPU.ActiveCfg = Debug|Any CPU
		{65D3EA7C-8161-4859-B61C-1C141F342EBB}.Debug|Any CPU.Build.0 = Debug|Any CPU
		{65D3EA7C-8161-4859-B61C-1C141F342EBB}.Release|Any CPU.ActiveCfg = Release|Any CPU
		{65D3EA7C-8161-4859-B61C-1C141F342EBB}.Release|Any CPU.Build.0 = Release|Any CPU
		{0C4B5F5C-436A-4807-9E94-63CAC18CAE62}.Debug|Any CPU.ActiveCfg = Debug|Any CPU
		{0C4B5F5C-436A-4807-9E94-63CAC18CAE62}.Debug|Any CPU.Build.0 = Debug|Any CPU
		{0C4B5F5C-436A-4807-9E94-63CAC18CAE62}.Release|Any CPU.ActiveCfg = Release|Any CPU
		{0C4B5F5C-436A-4807-9E94-63CAC18CAE62}.Release|Any CPU.Build.0 = Release|Any CPU
		{89756E76-C234-412C-A156-75A398674821}.Debug|Any CPU.ActiveCfg = Debug|Any CPU
		{89756E76-C234-412C-A156-75A398674821}.Debug|Any CPU.Build.0 = Debug|Any CPU
		{89756E76-C234-412C-A156-75A398674821}.Release|Any CPU.ActiveCfg = Release|Any CPU
		{89756E76-C234-412C-A156-75A398674821}.Release|Any CPU.Build.0 = Release|Any CPU
		{99DF8693-BFDB-431B-836E-817E88CFBF11}.Debug|Any CPU.ActiveCfg = Debug|Any CPU
		{99DF8693-BFDB-431B-836E-817E88CFBF11}.Debug|Any CPU.Build.0 = Debug|Any CPU
		{99DF8693-BFDB-431B-836E-817E88CFBF11}.Release|Any CPU.ActiveCfg = Release|Any CPU
		{99DF8693-BFDB-431B-836E-817E88CFBF11}.Release|Any CPU.Build.0 = Release|Any CPU
		{51A30F81-B078-4F5A-A399-28924C73E4C7}.Debug|Any CPU.ActiveCfg = Debug|Any CPU
		{51A30F81-B078-4F5A-A399-28924C73E4C7}.Debug|Any CPU.Build.0 = Debug|Any CPU
		{51A30F81-B078-4F5A-A399-28924C73E4C7}.Release|Any CPU.ActiveCfg = Release|Any CPU
		{51A30F81-B078-4F5A-A399-28924C73E4C7}.Release|Any CPU.Build.0 = Release|Any CPU
		{E290045B-FA64-444B-8CB5-CB740973D718}.Debug|Any CPU.ActiveCfg = Debug|Any CPU
		{E290045B-FA64-444B-8CB5-CB740973D718}.Debug|Any CPU.Build.0 = Debug|Any CPU
		{E290045B-FA64-444B-8CB5-CB740973D718}.Release|Any CPU.ActiveCfg = Release|Any CPU
		{E290045B-FA64-444B-8CB5-CB740973D718}.Release|Any CPU.Build.0 = Release|Any CPU
		{3AD34DF7-8F47-4C46-8338-69B615CD60B8}.Debug|Any CPU.ActiveCfg = Debug|Any CPU
		{3AD34DF7-8F47-4C46-8338-69B615CD60B8}.Debug|Any CPU.Build.0 = Debug|Any CPU
		{3AD34DF7-8F47-4C46-8338-69B615CD60B8}.Release|Any CPU.ActiveCfg = Release|Any CPU
		{3AD34DF7-8F47-4C46-8338-69B615CD60B8}.Release|Any CPU.Build.0 = Release|Any CPU
		{16062E89-EE23-40B1-8752-EC13303ACDC8}.Debug|Any CPU.ActiveCfg = Debug|Any CPU
		{16062E89-EE23-40B1-8752-EC13303ACDC8}.Debug|Any CPU.Build.0 = Debug|Any CPU
		{16062E89-EE23-40B1-8752-EC13303ACDC8}.Release|Any CPU.ActiveCfg = Release|Any CPU
		{16062E89-EE23-40B1-8752-EC13303ACDC8}.Release|Any CPU.Build.0 = Release|Any CPU
		{F26D841A-1146-443A-8D20-68BCDF402D2F}.Debug|Any CPU.ActiveCfg = Debug|Any CPU
		{F26D841A-1146-443A-8D20-68BCDF402D2F}.Debug|Any CPU.Build.0 = Debug|Any CPU
		{F26D841A-1146-443A-8D20-68BCDF402D2F}.Release|Any CPU.ActiveCfg = Release|Any CPU
		{F26D841A-1146-443A-8D20-68BCDF402D2F}.Release|Any CPU.Build.0 = Release|Any CPU
	EndGlobalSection
	GlobalSection(NestedProjects) = preSolution
		{89756E76-C234-412C-A156-75A398674821} = {9F52CC49-3F17-4C6A-A4B2-D7B6A87BA467}
		{99DF8693-BFDB-431B-836E-817E88CFBF11} = {9F52CC49-3F17-4C6A-A4B2-D7B6A87BA467}
		{51A30F81-B078-4F5A-A399-28924C73E4C7} = {920C04D0-3393-4532-86D1-99E68B36BA5A}
		{E290045B-FA64-444B-8CB5-CB740973D718} = {920C04D0-3393-4532-86D1-99E68B36BA5A}
		{3AD34DF7-8F47-4C46-8338-69B615CD60B8} = {920C04D0-3393-4532-86D1-99E68B36BA5A}
		{16062E89-EE23-40B1-8752-EC13303ACDC8} = {920C04D0-3393-4532-86D1-99E68B36BA5A}
		{F26D841A-1146-443A-8D20-68BCDF402D2F} = {920C04D0-3393-4532-86D1-99E68B36BA5A}
	EndGlobalSection
EndGlobal
